NeoBundleLock emmet-vim 62f2148169b2e5bfed805b6375d629da65ecc3d3
NeoBundleLock incsearch.vim 534d36dcef3a25dbb408302a315566e91cc4256b
NeoBundleLock neobundle.vim c00b40688f335a2e116726c2f8e727fad6f03e4f
NeoBundleLock neocomplete.vim 9d554042b53fc2b9c7a332b481883bb773ff721f
NeoBundleLock neosnippet.vim 811176b29b1a60a164c9878f8dcbe4a680ee32e5
NeoBundleLock nerdcommenter 6549cfde45339bd4f711504196ff3e8b766ef5e6
NeoBundleLock seoul256.vim 8a15be8fc1d700acc0ed590cd03f3cbcf1e972fa
NeoBundleLock switch.vim 3b9007f1636246351431ef715749113784511fbf
NeoBundleLock syntastic 2073cee050d3df2ed963d00ac433bb94218d66af
NeoBundleLock tabpagebuffer.vim 4d95c3e6fa5ad887498f4cbe486c11e39d4a1fbc
NeoBundleLock unite.vim cce4b6c222cdb0b88b72af1e81f2001a63ce1bc3
NeoBundleLock vim-better-whitespace 86047ccf87b1732b81322bc122bbf2b2a4f4ce31
NeoBundleLock vim-coffee-script 827e4a38b07479433b619091469a7495a392df8a
NeoBundleLock vim-css-color e44b2b983b39e63a92660385791c5fe8e3dedb5d
NeoBundleLock vim-easy-align c62d124be614de65922b15d468c4049d1eee9353
NeoBundleLock vim-exchange 5cb2a3733a99ddb93863a10acd7b86aa9af490c5
NeoBundleLock vim-fugitive 2c8461db084d205903a792a23163faa546f143c9
NeoBundleLock vim-go 9666cd0e8b4d48e7f59f4a0342392add94915032
NeoBundleLock vim-indent-guides eec1b629dc4cfa3986d20f21d4b4489732cd3f5a
NeoBundleLock vim-indent-object 78fffa609b3e6b84ef01ee4c9aba6d7435d7b18e
NeoBundleLock vim-jade 185e609717181b1729984272b34f577aa1f047ff
NeoBundleLock vim-javascript 10b0c75fde1cdf75ca2f270daf7db0c6e1c66cd0
NeoBundleLock vim-jsdoc e585d27ee59c9a3bcc63f891fb4c537c0300ef0c
NeoBundleLock vim-less 940a8defa0576385dee1ad177bab0b34738540aa
NeoBundleLock vim-repeat b6bdd0f2d03ce80d6acfbfa9be1ee71b16f69b5d
NeoBundleLock vim-stylus d28d8711b0b8b6616b2fd2b8faab74822be24165
NeoBundleLock vim-surround fa433e0b7330753688f715f3be5d10dc480f20e5
NeoBundleLock vim-unimpaired 3548479cc154154cbdbb6737ca08a47937cc7113
NeoBundleLock vimfiler.vim 20779819c0a40cf741a2eb894d88c153baca5baf
NeoBundleLock vimproc 98482672f888aec28ae3764e4432f7127ca8697b
